// !$*UTF8*$!
{
	archiveVersion = 1;
	classes = {
	};
	objectVersion = 45;
	objects = {

/* Begin PBXBuildFile section */
		AA16C1E9125131B6009DDBDA /* CADebugMacros.cpp in Sources */ = {isa = PBXBuildFile; fileRef = AA16C1E2125131B6009DDBDA /* CADebugMacros.cpp */; };
		AA16C1EA125131B6009DDBDA /* CADebugMacros.h in Headers */ = {isa = PBXBuildFile; fileRef = AA16C1E3125131B6009DDBDA /* CADebugMacros.h */; };
		AA16C1EB125131B6009DDBDA /* CAMath.h in Headers */ = {isa = PBXBuildFile; fileRef = AA16C1E4125131B6009DDBDA /* CAMath.h */; };
		AA16C1EC125131B6009DDBDA /* CAStreamBasicDescription.cpp in Sources */ = {isa = PBXBuildFile; fileRef = AA16C1E5125131B6009DDBDA /* CAStreamBasicDescription.cpp */; };
		AA16C1ED125131B6009DDBDA /* CAStreamBasicDescription.h in Headers */ = {isa = PBXBuildFile; fileRef = AA16C1E6125131B6009DDBDA /* CAStreamBasicDescription.h */; };
		AA16C1EE125131B6009DDBDA /* CAXException.cpp in Sources */ = {isa = PBXBuildFile; fileRef = AA16C1E7125131B6009DDBDA /* CAXException.cpp */; };
		AA16C1EF125131B6009DDBDA /* CAXException.h in Headers */ = {isa = PBXBuildFile; fileRef = AA16C1E8125131B6009DDBDA /* CAXException.h */; };
		AA747D9F0F9514B9006C5449 /* Fingerprinter_Prefix.pch in Headers */ = {isa = PBXBuildFile; fileRef = AA747D9E0F9514B9006C5449 /* Fingerprinter_Prefix.pch */; };
		AAA9E4D7124C333D00AFA339 /* Fingerprinter.cpp in Sources */ = {isa = PBXBuildFile; fileRef = AAA9E4D5124C333D00AFA339 /* Fingerprinter.cpp */; };
		AAA9E4D8124C333D00AFA339 /* Fingerprinter.h in Headers */ = {isa = PBXBuildFile; fileRef = AAA9E4D6124C333D00AFA339 /* Fingerprinter.h */; };
		AACBBE4A0F95108600F1A2B1 /* Foundation.framework in Frameworks */ = {isa = PBXBuildFile; fileRef = AACBBE490F95108600F1A2B1 /* Foundation.framework */; };
/* End PBXBuildFile section */

/* Begin PBXFileReference section */
		AA16C1E2125131B6009DDBDA /* CADebugMacros.cpp */ = {isa = PBXFileReference; fileEncoding = 4; lastKnownFileType = sourcecode.cpp.cpp; path = CADebugMacros.cpp; sourceTree = "<group>"; };
		AA16C1E3125131B6009DDBDA /* CADebugMacros.h */ = {isa = PBXFileReference; fileEncoding = 4; lastKnownFileType = sourcecode.c.h; path = CADebugMacros.h; sourceTree = "<group>"; };
		AA16C1E4125131B6009DDBDA /* CAMath.h */ = {isa = PBXFileReference; fileEncoding = 4; lastKnownFileType = sourcecode.c.h; path = CAMath.h; sourceTree = "<group>"; };
		AA16C1E5125131B6009DDBDA /* CAStreamBasicDescription.cpp */ = {isa = PBXFileReference; fileEncoding = 4; lastKnownFileType = sourcecode.cpp.cpp; path = CAStreamBasicDescription.cpp; sourceTree = "<group>"; };
		AA16C1E6125131B6009DDBDA /* CAStreamBasicDescription.h */ = {isa = PBXFileReference; fileEncoding = 4; lastKnownFileType = sourcecode.c.h; path = CAStreamBasicDescription.h; sourceTree = "<group>"; };
		AA16C1E7125131B6009DDBDA /* CAXException.cpp */ = {isa = PBXFileReference; fileEncoding = 4; lastKnownFileType = sourcecode.cpp.cpp; path = CAXException.cpp; sourceTree = "<group>"; };
		AA16C1E8125131B6009DDBDA /* CAXException.h */ = {isa = PBXFileReference; fileEncoding = 4; lastKnownFileType = sourcecode.c.h; path = CAXException.h; sourceTree = "<group>"; };
		AA747D9E0F9514B9006C5449 /* Fingerprinter_Prefix.pch */ = {isa = PBXFileReference; fileEncoding = 4; lastKnownFileType = sourcecode.c.h; path = Fingerprinter_Prefix.pch; sourceTree = SOURCE_ROOT; };
		AAA9E4D5124C333D00AFA339 /* Fingerprinter.cpp */ = {isa = PBXFileReference; fileEncoding = 4; lastKnownFileType = sourcecode.cpp.cpp; name = Fingerprinter.cpp; path = Classes/Fingerprinter.cpp; sourceTree = "<group>"; };
		AAA9E4D6124C333D00AFA339 /* Fingerprinter.h */ = {isa = PBXFileReference; fileEncoding = 4; lastKnownFileType = sourcecode.c.h; name = Fingerprinter.h; path = Classes/Fingerprinter.h; sourceTree = "<group>"; };
		AAA9E53B124C4C1300AFA339 /* tester.cpp */ = {isa = PBXFileReference; fileEncoding = 4; lastKnownFileType = sourcecode.cpp.cpp; path = tester.cpp; sourceTree = "<group>"; };
		AACBBE490F95108600F1A2B1 /* Foundation.framework */ = {isa = PBXFileReference; lastKnownFileType = wrapper.framework; name = Foundation.framework; path = System/Library/Frameworks/Foundation.framework; sourceTree = SDKROOT; };
		D2AAC07E0554694100DB518D /* libFingerprinter.a */ = {isa = PBXFileReference; explicitFileType = archive.ar; includeInIndex = 0; path = libFingerprinter.a; sourceTree = BUILT_PRODUCTS_DIR; };
/* End PBXFileReference section */

/* Begin PBXFrameworksBuildPhase section */
		D2AAC07C0554694100DB518D /* Frameworks */ = {
			isa = PBXFrameworksBuildPhase;
			buildActionMask = 2147483647;
			files = (
				AACBBE4A0F95108600F1A2B1 /* Foundation.framework in Frameworks */,
			);
			runOnlyForDeploymentPostprocessing = 0;
		};
/* End PBXFrameworksBuildPhase section */

/* Begin PBXGroup section */
		034768DFFF38A50411DB9C8B /* Products */ = {
			isa = PBXGroup;
			children = (
				D2AAC07E0554694100DB518D /* libFingerprinter.a */,
			);
			name = Products;
			sourceTree = "<group>";
		};
		0867D691FE84028FC02AAC07 /* Fingerprinter */ = {
			isa = PBXGroup;
			children = (
				AA16C1E1125131B6009DDBDA /* iPublicUtility */,
				08FB77AEFE84172EC02AAC07 /* Classes */,
				32C88DFF0371C24200C91783 /* Other Sources */,
				0867D69AFE84028FC02AAC07 /* Frameworks */,
				034768DFFF38A50411DB9C8B /* Products */,
			);
			name = Fingerprinter;
			sourceTree = "<group>";
		};
		0867D69AFE84028FC02AAC07 /* Frameworks */ = {
			isa = PBXGroup;
			children = (
				AACBBE490F95108600F1A2B1 /* Foundation.framework */,
			);
			name = Frameworks;
			sourceTree = "<group>";
		};
		08FB77AEFE84172EC02AAC07 /* Classes */ = {
			isa = PBXGroup;
			children = (
				AAA9E4D5124C333D00AFA339 /* Fingerprinter.cpp */,
				AAA9E4D6124C333D00AFA339 /* Fingerprinter.h */,
			);
			name = Classes;
			sourceTree = "<group>";
		};
		32C88DFF0371C24200C91783 /* Other Sources */ = {
			isa = PBXGroup;
			children = (
				AAA9E53B124C4C1300AFA339 /* tester.cpp */,
				AA747D9E0F9514B9006C5449 /* Fingerprinter_Prefix.pch */,
			);
			name = "Other Sources";
			sourceTree = "<group>";
		};
		AA16C1E1125131B6009DDBDA /* iPublicUtility */ = {
			isa = PBXGroup;
			children = (
				AA16C1E2125131B6009DDBDA /* CADebugMacros.cpp */,
				AA16C1E3125131B6009DDBDA /* CADebugMacros.h */,
				AA16C1E4125131B6009DDBDA /* CAMath.h */,
				AA16C1E5125131B6009DDBDA /* CAStreamBasicDescription.cpp */,
				AA16C1E6125131B6009DDBDA /* CAStreamBasicDescription.h */,
				AA16C1E7125131B6009DDBDA /* CAXException.cpp */,
				AA16C1E8125131B6009DDBDA /* CAXException.h */,
			);
			path = iPublicUtility;
			sourceTree = "<group>";
		};
/* End PBXGroup section */

/* Begin PBXHeadersBuildPhase section */
		D2AAC07A0554694100DB518D /* Headers */ = {
			isa = PBXHeadersBuildPhase;
			buildActionMask = 2147483647;
			files = (
				AA747D9F0F9514B9006C5449 /* Fingerprinter_Prefix.pch in Headers */,
				AAA9E4D8124C333D00AFA339 /* Fingerprinter.h in Headers */,
				AA16C1EA125131B6009DDBDA /* CADebugMacros.h in Headers */,
				AA16C1EB125131B6009DDBDA /* CAMath.h in Headers */,
				AA16C1ED125131B6009DDBDA /* CAStreamBasicDescription.h in Headers */,
				AA16C1EF125131B6009DDBDA /* CAXException.h in Headers */,
			);
			runOnlyForDeploymentPostprocessing = 0;
		};
/* End PBXHeadersBuildPhase section */

/* Begin PBXNativeTarget section */
		D2AAC07D0554694100DB518D /* Fingerprinter */ = {
			isa = PBXNativeTarget;
			buildConfigurationList = 1DEB921E08733DC00010E9CD /* Build configuration list for PBXNativeTarget "Fingerprinter" */;
			buildPhases = (
				D2AAC07A0554694100DB518D /* Headers */,
				D2AAC07B0554694100DB518D /* Sources */,
				D2AAC07C0554694100DB518D /* Frameworks */,
			);
			buildRules = (
			);
			dependencies = (
			);
			name = Fingerprinter;
			productName = Fingerprinter;
			productReference = D2AAC07E0554694100DB518D /* libFingerprinter.a */;
			productType = "com.apple.product-type.library.static";
		};
/* End PBXNativeTarget section */

/* Begin PBXProject section */
		0867D690FE84028FC02AAC07 /* Project object */ = {
			isa = PBXProject;
			attributes = {
				ORGANIZATIONNAME = "Northwestern University";
			};
			buildConfigurationList = 1DEB922208733DC00010E9CD /* Build configuration list for PBXProject "Fingerprinter" */;
			compatibilityVersion = "Xcode 3.1";
			developmentRegion = English;
			hasScannedForEncodings = 1;
			knownRegions = (
				English,
				Japanese,
				French,
				German,
			);
			mainGroup = 0867D691FE84028FC02AAC07 /* Fingerprinter */;
			productRefGroup = 034768DFFF38A50411DB9C8B /* Products */;
			projectDirPath = "";
			projectRoot = "";
			targets = (
				D2AAC07D0554694100DB518D /* Fingerprinter */,
			);
		};
/* End PBXProject section */

/* Begin PBXSourcesBuildPhase section */
		D2AAC07B0554694100DB518D /* Sources */ = {
			isa = PBXSourcesBuildPhase;
			buildActionMask = 2147483647;
			files = (
				AAA9E4D7124C333D00AFA339 /* Fingerprinter.cpp in Sources */,
				AA16C1E9125131B6009DDBDA /* CADebugMacros.cpp in Sources */,
				AA16C1EC125131B6009DDBDA /* CAStreamBasicDescription.cpp in Sources */,
				AA16C1EE125131B6009DDBDA /* CAXException.cpp in Sources */,
			);
			runOnlyForDeploymentPostprocessing = 0;
		};
/* End PBXSourcesBuildPhase section */

/* Begin XCBuildConfiguration section */
		1DEB921F08733DC00010E9CD /* Debug */ = {
			isa = XCBuildConfiguration;
			buildSettings = {
				ALWAYS_SEARCH_USER_PATHS = NO;
				ARCHS = "$(ARCHS_STANDARD_32_BIT)";
				COPY_PHASE_STRIP = NO;
				DSTROOT = /tmp/Fingerprinter.dst;
				GCC_DYNAMIC_NO_PIC = NO;
				GCC_ENABLE_FIX_AND_CONTINUE = YES;
				GCC_MODEL_TUNING = G5;
				GCC_OPTIMIZATION_LEVEL = 0;
				GCC_PRECOMPILE_PREFIX_HEADER = YES;
				GCC_PREFIX_HEADER = Fingerprinter_Prefix.pch;
				INSTALL_PATH = /usr/local/lib;
				LIBRARY_SEARCH_PATHS = (
					"$(inherited)",
					"\"$(SDKROOT)/usr/lib/gcc/arm-apple-darwin10/4.0.1\"",
				);
				PRODUCT_NAME = Fingerprinter;
			};
			name = Debug;
		};
		1DEB922008733DC00010E9CD /* Release */ = {
			isa = XCBuildConfiguration;
			buildSettings = {
				ALWAYS_SEARCH_USER_PATHS = NO;
				ARCHS = "$(ARCHS_STANDARD_32_BIT)";
				DSTROOT = /tmp/Fingerprinter.dst;
				GCC_MODEL_TUNING = G5;
				GCC_PRECOMPILE_PREFIX_HEADER = YES;
				GCC_PREFIX_HEADER = Fingerprinter_Prefix.pch;
				INSTALL_PATH = /usr/local/lib;
				LIBRARY_SEARCH_PATHS = (
					"$(inherited)",
					"\"$(SDKROOT)/usr/lib/gcc/arm-apple-darwin10/4.0.1\"",
				);
				PRODUCT_NAME = Fingerprinter;
			};
			name = Release;
		};
		1DEB922308733DC00010E9CD /* Debug */ = {
			isa = XCBuildConfiguration;
			buildSettings = {
				ARCHS = "$(ARCHS_STANDARD_32_BIT)";
				GCC_C_LANGUAGE_STANDARD = c99;
				GCC_OPTIMIZATION_LEVEL = 0;
				GCC_WARN_ABOUT_RETURN_TYPE = YES;
				GCC_WARN_UNUSED_VARIABLE = YES;
				OTHER_LDFLAGS = "-ObjC";
				PREBINDING = NO;
			};
			name = Debug;
		};
		1DEB922408733DC00010E9CD /* Release */ = {
			isa = XCBuildConfiguration;
			buildSettings = {
				ARCHS = "$(ARCHS_STANDARD_32_BIT)";
				GCC_C_LANGUAGE_STANDARD = c99;
				GCC_WARN_ABOUT_RETURN_TYPE = YES;
				GCC_WARN_UNUSED_VARIABLE = YES;
				OTHER_LDFLAGS = "-ObjC";
				PREBINDING = NO;
			};
			name = Release;
		};
/* End XCBuildConfiguration section */

/* Begin XCConfigurationList section */
		1DEB921E08733DC00010E9CD /* Build configuration list for PBXNativeTarget "Fingerprinter" */ = {
			isa = XCConfigurationList;
			buildConfigurations = (
				1DEB921F08733DC00010E9CD /* Debug */,
				1DEB922008733DC00010E9CD /* Release */,
			);
			defaultConfigurationIsVisible = 0;
			defaultConfigurationName = Release;
		};
		1DEB922208733DC00010E9CD /* Build configuration list for PBXProject "Fingerprinter" */ = {
			isa = XCConfigurationList;
			buildConfigurations = (
				1DEB922308733DC00010E9CD /* Debug */,
				1DEB922408733DC00010E9CD /* Release */,
			);
			defaultConfigurationIsVisible = 0;
			defaultConfigurationName = Release;
		};
/* End XCConfigurationList section */
	};
	rootObject = 0867D690FE84028FC02AAC07 /* Project object */;
}
