// !$*UTF8*$!
{
	archiveVersion = 1;
	classes = {
	};
	objectVersion = 45;
	objects = {

/* Begin PBXBuildFile section */
		1D3623260D0F684500981E51 /* simpleUIAppDelegate.mm in Sources */ = {isa = PBXBuildFile; fileRef = 1D3623250D0F684500981E51 /* simpleUIAppDelegate.mm */; };
		1D60589B0D05DD56006BFB54 /* main.m in Sources */ = {isa = PBXBuildFile; fileRef = 29B97316FDCFA39411CA2CEA /* main.m */; };
		1D60589F0D05DD5A006BFB54 /* Foundation.framework in Frameworks */ = {isa = PBXBuildFile; fileRef = 1D30AB110D05D00D00671497 /* Foundation.framework */; };
		1DF5F4E00D08C38300B7A737 /* UIKit.framework in Frameworks */ = {isa = PBXBuildFile; fileRef = 1DF5F4DF0D08C38300B7A737 /* UIKit.framework */; };
		288765FD0DF74451002DB57D /* CoreGraphics.framework in Frameworks */ = {isa = PBXBuildFile; fileRef = 288765FC0DF74451002DB57D /* CoreGraphics.framework */; };
		28AD733F0D9D9553002E5188 /* MainWindow.xib in Resources */ = {isa = PBXBuildFile; fileRef = 28AD733E0D9D9553002E5188 /* MainWindow.xib */; };
		AA0037321258173E00876BBD /* Spectrogram.cpp in Sources */ = {isa = PBXBuildFile; fileRef = AA0037311258173E00876BBD /* Spectrogram.cpp */; };
		AA0038D712595D4A00876BBD /* Heap.cpp in Sources */ = {isa = PBXBuildFile; fileRef = AA0038D612595D4A00876BBD /* Heap.cpp */; };
		AA0038E4125A2F8E00876BBD /* SlidingWindow.cpp in Sources */ = {isa = PBXBuildFile; fileRef = AA0038E3125A2F8E00876BBD /* SlidingWindow.cpp */; };
		AA7B05F412523F1200FFA088 /* Fingerprinter.cpp in Sources */ = {isa = PBXBuildFile; fileRef = AA7B05F212523F1200FFA088 /* Fingerprinter.cpp */; };
		AA7B05FD12523F4000FFA088 /* CADebugMacros.cpp in Sources */ = {isa = PBXBuildFile; fileRef = AA7B05F612523F4000FFA088 /* CADebugMacros.cpp */; };
		AA7B05FE12523F4000FFA088 /* CAStreamBasicDescription.cpp in Sources */ = {isa = PBXBuildFile; fileRef = AA7B05F912523F4000FFA088 /* CAStreamBasicDescription.cpp */; };
		AA7B05FF12523F4000FFA088 /* CAXException.cpp in Sources */ = {isa = PBXBuildFile; fileRef = AA7B05FB12523F4000FFA088 /* CAXException.cpp */; };
		AA7B060912523FFA00FFA088 /* AudioToolbox.framework in Frameworks */ = {isa = PBXBuildFile; fileRef = AA7B060812523FFA00FFA088 /* AudioToolbox.framework */; };
		AA7B06261252402F00FFA088 /* CoreAudio.framework in Frameworks */ = {isa = PBXBuildFile; fileRef = AA7B06251252402F00FFA088 /* CoreAudio.framework */; };
		AA7B066C1252433200FFA088 /* Accelerate.framework in Frameworks */ = {isa = PBXBuildFile; fileRef = AA7B066B1252433200FFA088 /* Accelerate.framework */; };
		AAC415D31254EFF0008DA27C /* plotView.mm in Sources */ = {isa = PBXBuildFile; fileRef = AAC415D21254EFF0008DA27C /* plotView.mm */; };
/* End PBXBuildFile section */

/* Begin PBXFileReference section */
		1D30AB110D05D00D00671497 /* Foundation.framework */ = {isa = PBXFileReference; lastKnownFileType = wrapper.framework; name = Foundation.framework; path = System/Library/Frameworks/Foundation.framework; sourceTree = SDKROOT; };
		1D3623240D0F684500981E51 /* simpleUIAppDelegate.h */ = {isa = PBXFileReference; fileEncoding = 4; lastKnownFileType = sourcecode.c.h; path = simpleUIAppDelegate.h; sourceTree = "<group>"; };
		1D3623250D0F684500981E51 /* simpleUIAppDelegate.mm */ = {isa = PBXFileReference; fileEncoding = 4; lastKnownFileType = sourcecode.cpp.objcpp; path = simpleUIAppDelegate.mm; sourceTree = "<group>"; };
		1D6058910D05DD3D006BFB54 /* simpleUI.app */ = {isa = PBXFileReference; explicitFileType = wrapper.application; includeInIndex = 0; path = simpleUI.app; sourceTree = BUILT_PRODUCTS_DIR; };
		1DF5F4DF0D08C38300B7A737 /* UIKit.framework */ = {isa = PBXFileReference; lastKnownFileType = wrapper.framework; name = UIKit.framework; path = System/Library/Frameworks/UIKit.framework; sourceTree = SDKROOT; };
		288765FC0DF74451002DB57D /* CoreGraphics.framework */ = {isa = PBXFileReference; lastKnownFileType = wrapper.framework; name = CoreGraphics.framework; path = System/Library/Frameworks/CoreGraphics.framework; sourceTree = SDKROOT; };
		28AD733E0D9D9553002E5188 /* MainWindow.xib */ = {isa = PBXFileReference; lastKnownFileType = file.xib; path = MainWindow.xib; sourceTree = "<group>"; };
		29B97316FDCFA39411CA2CEA /* main.m */ = {isa = PBXFileReference; fileEncoding = 4; lastKnownFileType = sourcecode.c.objc; path = main.m; sourceTree = "<group>"; };
		32CA4F630368D1EE00C91783 /* simpleUI_Prefix.pch */ = {isa = PBXFileReference; fileEncoding = 4; lastKnownFileType = sourcecode.c.h; path = simpleUI_Prefix.pch; sourceTree = "<group>"; };
		8D1107310486CEB800E47090 /* simpleUI-Info.plist */ = {isa = PBXFileReference; fileEncoding = 4; lastKnownFileType = text.plist.xml; path = "simpleUI-Info.plist"; plistStructureDefinitionIdentifier = "com.apple.xcode.plist.structure-definition.iphone.info-plist"; sourceTree = "<group>"; };
		AA0037301258173E00876BBD /* Spectrogram.h */ = {isa = PBXFileReference; fileEncoding = 4; lastKnownFileType = sourcecode.c.h; path = Spectrogram.h; sourceTree = "<group>"; };
		AA0037311258173E00876BBD /* Spectrogram.cpp */ = {isa = PBXFileReference; fileEncoding = 4; lastKnownFileType = sourcecode.cpp.cpp; path = Spectrogram.cpp; sourceTree = "<group>"; };
		AA0038D512595D4A00876BBD /* Heap.h */ = {isa = PBXFileReference; fileEncoding = 4; lastKnownFileType = sourcecode.c.h; path = Heap.h; sourceTree = "<group>"; };
		AA0038D612595D4A00876BBD /* Heap.cpp */ = {isa = PBXFileReference; fileEncoding = 4; lastKnownFileType = sourcecode.cpp.cpp; path = Heap.cpp; sourceTree = "<group>"; };
		AA0038E2125A2F8E00876BBD /* SlidingWindow.h */ = {isa = PBXFileReference; fileEncoding = 4; lastKnownFileType = sourcecode.c.h; path = SlidingWindow.h; sourceTree = "<group>"; };
		AA0038E3125A2F8E00876BBD /* SlidingWindow.cpp */ = {isa = PBXFileReference; fileEncoding = 4; lastKnownFileType = sourcecode.cpp.cpp; path = SlidingWindow.cpp; sourceTree = "<group>"; };
		AA7B05F212523F1200FFA088 /* Fingerprinter.cpp */ = {isa = PBXFileReference; fileEncoding = 4; lastKnownFileType = sourcecode.cpp.cpp; name = Fingerprinter.cpp; path = ../Fingerprinter/Classes/Fingerprinter.cpp; sourceTree = SOURCE_ROOT; };
		AA7B05F312523F1200FFA088 /* Fingerprinter.h */ = {isa = PBXFileReference; fileEncoding = 4; lastKnownFileType = sourcecode.c.h; name = Fingerprinter.h; path = ../Fingerprinter/Classes/Fingerprinter.h; sourceTree = SOURCE_ROOT; };
		AA7B05F612523F4000FFA088 /* CADebugMacros.cpp */ = {isa = PBXFileReference; fileEncoding = 4; lastKnownFileType = sourcecode.cpp.cpp; path = CADebugMacros.cpp; sourceTree = "<group>"; };
		AA7B05F712523F4000FFA088 /* CADebugMacros.h */ = {isa = PBXFileReference; fileEncoding = 4; lastKnownFileType = sourcecode.c.h; path = CADebugMacros.h; sourceTree = "<group>"; };
		AA7B05F812523F4000FFA088 /* CAMath.h */ = {isa = PBXFileReference; fileEncoding = 4; lastKnownFileType = sourcecode.c.h; path = CAMath.h; sourceTree = "<group>"; };
		AA7B05F912523F4000FFA088 /* CAStreamBasicDescription.cpp */ = {isa = PBXFileReference; fileEncoding = 4; lastKnownFileType = sourcecode.cpp.cpp; path = CAStreamBasicDescription.cpp; sourceTree = "<group>"; };
		AA7B05FA12523F4000FFA088 /* CAStreamBasicDescription.h */ = {isa = PBXFileReference; fileEncoding = 4; lastKnownFileType = sourcecode.c.h; path = CAStreamBasicDescription.h; sourceTree = "<group>"; };
		AA7B05FB12523F4000FFA088 /* CAXException.cpp */ = {isa = PBXFileReference; fileEncoding = 4; lastKnownFileType = sourcecode.cpp.cpp; path = CAXException.cpp; sourceTree = "<group>"; };
		AA7B05FC12523F4000FFA088 /* CAXException.h */ = {isa = PBXFileReference; fileEncoding = 4; lastKnownFileType = sourcecode.c.h; path = CAXException.h; sourceTree = "<group>"; };
		AA7B060812523FFA00FFA088 /* AudioToolbox.framework */ = {isa = PBXFileReference; lastKnownFileType = wrapper.framework; name = AudioToolbox.framework; path = System/Library/Frameworks/AudioToolbox.framework; sourceTree = SDKROOT; };
		AA7B06251252402F00FFA088 /* CoreAudio.framework */ = {isa = PBXFileReference; lastKnownFileType = wrapper.framework; name = CoreAudio.framework; path = System/Library/Frameworks/CoreAudio.framework; sourceTree = SDKROOT; };
		AA7B066B1252433200FFA088 /* Accelerate.framework */ = {isa = PBXFileReference; lastKnownFileType = wrapper.framework; name = Accelerate.framework; path = System/Library/Frameworks/Accelerate.framework; sourceTree = SDKROOT; };
		AAC415D11254EFF0008DA27C /* plotView.h */ = {isa = PBXFileReference; fileEncoding = 4; lastKnownFileType = sourcecode.c.h; path = plotView.h; sourceTree = "<group>"; };
		AAC415D21254EFF0008DA27C /* plotView.mm */ = {isa = PBXFileReference; fileEncoding = 4; lastKnownFileType = sourcecode.cpp.objcpp; path = plotView.mm; sourceTree = "<group>"; };
/* End PBXFileReference section */

/* Begin PBXFrameworksBuildPhase section */
		1D60588F0D05DD3D006BFB54 /* Frameworks */ = {
			isa = PBXFrameworksBuildPhase;
			buildActionMask = 2147483647;
			files = (
				1D60589F0D05DD5A006BFB54 /* Foundation.framework in Frameworks */,
				1DF5F4E00D08C38300B7A737 /* UIKit.framework in Frameworks */,
				288765FD0DF74451002DB57D /* CoreGraphics.framework in Frameworks */,
				AA7B060912523FFA00FFA088 /* AudioToolbox.framework in Frameworks */,
				AA7B06261252402F00FFA088 /* CoreAudio.framework in Frameworks */,
				AA7B066C1252433200FFA088 /* Accelerate.framework in Frameworks */,
			);
			runOnlyForDeploymentPostprocessing = 0;
		};
/* End PBXFrameworksBuildPhase section */

/* Begin PBXGroup section */
		080E96DDFE201D6D7F000001 /* Classes */ = {
			isa = PBXGroup;
			children = (
				AA7B05F212523F1200FFA088 /* Fingerprinter.cpp */,
				AA7B05F312523F1200FFA088 /* Fingerprinter.h */,
				1D3623240D0F684500981E51 /* simpleUIAppDelegate.h */,
				1D3623250D0F684500981E51 /* simpleUIAppDelegate.mm */,
				AAC415D11254EFF0008DA27C /* plotView.h */,
				AAC415D21254EFF0008DA27C /* plotView.mm */,
				AA0037301258173E00876BBD /* Spectrogram.h */,
				AA0037311258173E00876BBD /* Spectrogram.cpp */,
				AA0038D512595D4A00876BBD /* Heap.h */,
				AA0038D612595D4A00876BBD /* Heap.cpp */,
				AA0038E2125A2F8E00876BBD /* SlidingWindow.h */,
				AA0038E3125A2F8E00876BBD /* SlidingWindow.cpp */,
			);
			path = Classes;
			sourceTree = "<group>";
		};
		19C28FACFE9D520D11CA2CBB /* Products */ = {
			isa = PBXGroup;
			children = (
				1D6058910D05DD3D006BFB54 /* simpleUI.app */,
			);
			name = Products;
			sourceTree = "<group>";
		};
		29B97314FDCFA39411CA2CEA /* CustomTemplate */ = {
			isa = PBXGroup;
			children = (
				AA7B05F512523F4000FFA088 /* iPublicUtility */,
				080E96DDFE201D6D7F000001 /* Classes */,
				29B97315FDCFA39411CA2CEA /* Other Sources */,
				29B97317FDCFA39411CA2CEA /* Resources */,
				29B97323FDCFA39411CA2CEA /* Frameworks */,
				19C28FACFE9D520D11CA2CBB /* Products */,
			);
			name = CustomTemplate;
			sourceTree = "<group>";
		};
		29B97315FDCFA39411CA2CEA /* Other Sources */ = {
			isa = PBXGroup;
			children = (
				32CA4F630368D1EE00C91783 /* simpleUI_Prefix.pch */,
				29B97316FDCFA39411CA2CEA /* main.m */,
			);
			name = "Other Sources";
			sourceTree = "<group>";
		};
		29B97317FDCFA39411CA2CEA /* Resources */ = {
			isa = PBXGroup;
			children = (
				28AD733E0D9D9553002E5188 /* MainWindow.xib */,
				8D1107310486CEB800E47090 /* simpleUI-Info.plist */,
			);
			name = Resources;
			sourceTree = "<group>";
		};
		29B97323FDCFA39411CA2CEA /* Frameworks */ = {
			isa = PBXGroup;
			children = (
				AA7B060812523FFA00FFA088 /* AudioToolbox.framework */,
				1DF5F4DF0D08C38300B7A737 /* UIKit.framework */,
				1D30AB110D05D00D00671497 /* Foundation.framework */,
				288765FC0DF74451002DB57D /* CoreGraphics.framework */,
				AA7B06251252402F00FFA088 /* CoreAudio.framework */,
				AA7B066B1252433200FFA088 /* Accelerate.framework */,
			);
			name = Frameworks;
			sourceTree = "<group>";
		};
		AA7B05F512523F4000FFA088 /* iPublicUtility */ = {
			isa = PBXGroup;
			children = (
				AA7B05F612523F4000FFA088 /* CADebugMacros.cpp */,
				AA7B05F712523F4000FFA088 /* CADebugMacros.h */,
				AA7B05F812523F4000FFA088 /* CAMath.h */,
				AA7B05F912523F4000FFA088 /* CAStreamBasicDescription.cpp */,
				AA7B05FA12523F4000FFA088 /* CAStreamBasicDescription.h */,
				AA7B05FB12523F4000FFA088 /* CAXException.cpp */,
				AA7B05FC12523F4000FFA088 /* CAXException.h */,
			);
			name = iPublicUtility;
			path = ../Fingerprinter/iPublicUtility;
			sourceTree = SOURCE_ROOT;
		};
/* End PBXGroup section */

/* Begin PBXNativeTarget section */
		1D6058900D05DD3D006BFB54 /* simpleUI */ = {
			isa = PBXNativeTarget;
			buildConfigurationList = 1D6058960D05DD3E006BFB54 /* Build configuration list for PBXNativeTarget "simpleUI" */;
			buildPhases = (
				1D60588D0D05DD3D006BFB54 /* Resources */,
				1D60588E0D05DD3D006BFB54 /* Sources */,
				1D60588F0D05DD3D006BFB54 /* Frameworks */,
			);
			buildRules = (
			);
			dependencies = (
			);
			name = simpleUI;
			productName = simpleUI;
			productReference = 1D6058910D05DD3D006BFB54 /* simpleUI.app */;
			productType = "com.apple.product-type.application";
		};
/* End PBXNativeTarget section */

/* Begin PBXProject section */
		29B97313FDCFA39411CA2CEA /* Project object */ = {
			isa = PBXProject;
			attributes = {
				ORGANIZATIONNAME = "Northwestern University";
			};
			buildConfigurationList = C01FCF4E08A954540054247B /* Build configuration list for PBXProject "simpleUI" */;
			compatibilityVersion = "Xcode 3.1";
			developmentRegion = English;
			hasScannedForEncodings = 1;
			knownRegions = (
				English,
				Japanese,
				French,
				German,
			);
			mainGroup = 29B97314FDCFA39411CA2CEA /* CustomTemplate */;
			projectDirPath = "";
			projectRoot = "";
			targets = (
				1D6058900D05DD3D006BFB54 /* simpleUI */,
			);
		};
/* End PBXProject section */

/* Begin PBXResourcesBuildPhase section */
		1D60588D0D05DD3D006BFB54 /* Resources */ = {
			isa = PBXResourcesBuildPhase;
			buildActionMask = 2147483647;
			files = (
				28AD733F0D9D9553002E5188 /* MainWindow.xib in Resources */,
			);
			runOnlyForDeploymentPostprocessing = 0;
		};
/* End PBXResourcesBuildPhase section */

/* Begin PBXSourcesBuildPhase section */
		1D60588E0D05DD3D006BFB54 /* Sources */ = {
			isa = PBXSourcesBuildPhase;
			buildActionMask = 2147483647;
			files = (
				1D60589B0D05DD56006BFB54 /* main.m in Sources */,
				1D3623260D0F684500981E51 /* simpleUIAppDelegate.mm in Sources */,
				AA7B05F412523F1200FFA088 /* Fingerprinter.cpp in Sources */,
				AA7B05FD12523F4000FFA088 /* CADebugMacros.cpp in Sources */,
				AA7B05FE12523F4000FFA088 /* CAStreamBasicDescription.cpp in Sources */,
				AA7B05FF12523F4000FFA088 /* CAXException.cpp in Sources */,
				AAC415D31254EFF0008DA27C /* plotView.mm in Sources */,
				AA0037321258173E00876BBD /* Spectrogram.cpp in Sources */,
				AA0038D712595D4A00876BBD /* Heap.cpp in Sources */,
				AA0038E4125A2F8E00876BBD /* SlidingWindow.cpp in Sources */,
			);
			runOnlyForDeploymentPostprocessing = 0;
		};
/* End PBXSourcesBuildPhase section */

/* Begin XCBuildConfiguration section */
		1D6058940D05DD3E006BFB54 /* Debug */ = {
			isa = XCBuildConfiguration;
			buildSettings = {
				ALWAYS_SEARCH_USER_PATHS = NO;
				COPY_PHASE_STRIP = NO;
				GCC_DYNAMIC_NO_PIC = NO;
				GCC_OPTIMIZATION_LEVEL = 0;
				GCC_PRECOMPILE_PREFIX_HEADER = YES;
				GCC_PREFIX_HEADER = simpleUI_Prefix.pch;
				INFOPLIST_FILE = "simpleUI-Info.plist";
				PRODUCT_NAME = simpleUI;
			};
			name = Debug;
		};
		1D6058950D05DD3E006BFB54 /* Release */ = {
			isa = XCBuildConfiguration;
			buildSettings = {
				ALWAYS_SEARCH_USER_PATHS = NO;
				COPY_PHASE_STRIP = YES;
				GCC_PRECOMPILE_PREFIX_HEADER = YES;
				GCC_PREFIX_HEADER = simpleUI_Prefix.pch;
				INFOPLIST_FILE = "simpleUI-Info.plist";
				PRODUCT_NAME = simpleUI;
				VALIDATE_PRODUCT = YES;
			};
			name = Release;
		};
		C01FCF4F08A954540054247B /* Debug */ = {
			isa = XCBuildConfiguration;
			buildSettings = {
				ARCHS = "$(ARCHS_UNIVERSAL_IPHONE_OS)";
				"CODE_SIGN_IDENTITY[sdk=iphoneos*]" = "iPhone Developer";
				GCC_C_LANGUAGE_STANDARD = c99;
				GCC_WARN_ABOUT_RETURN_TYPE = YES;
				GCC_WARN_UNUSED_VARIABLE = YES;
				PREBINDING = NO;
				SDKROOT = iphoneos4.1;
			};
			name = Debug;
		};
		C01FCF5008A954540054247B /* Release */ = {
			isa = XCBuildConfiguration;
			buildSettings = {
				ARCHS = "$(ARCHS_UNIVERSAL_IPHONE_OS)";
				"CODE_SIGN_IDENTITY[sdk=iphoneos*]" = "iPhone Developer";
				GCC_C_LANGUAGE_STANDARD = c99;
				GCC_WARN_ABOUT_RETURN_TYPE = YES;
				GCC_WARN_UNUSED_VARIABLE = YES;
				OTHER_CFLAGS = "-DNS_BLOCK_ASSERTIONS=1";
				PREBINDING = NO;
				SDKROOT = iphoneos4.1;
			};
			name = Release;
		};
/* End XCBuildConfiguration section */

/* Begin XCConfigurationList section */
		1D6058960D05DD3E006BFB54 /* Build configuration list for PBXNativeTarget "simpleUI" */ = {
			isa = XCConfigurationList;
			buildConfigurations = (
				1D6058940D05DD3E006BFB54 /* Debug */,
				1D6058950D05DD3E006BFB54 /* Release */,
			);
			defaultConfigurationIsVisible = 0;
			defaultConfigurationName = Release;
		};
		C01FCF4E08A954540054247B /* Build configuration list for PBXProject "simpleUI" */ = {
			isa = XCConfigurationList;
			buildConfigurations = (
				C01FCF4F08A954540054247B /* Debug */,
				C01FCF5008A954540054247B /* Release */,
			);
			defaultConfigurationIsVisible = 0;
			defaultConfigurationName = Release;
		};
/* End XCConfigurationList section */
	};
	rootObject = 29B97313FDCFA39411CA2CEA /* Project object */;
}
